
Microsoft Visual Studio Solution File, Format Version 12.00
# Visual Studio Version 17
VisualStudioVersion = 17.10.34916.146
MinimumVisualStudioVersion = 10.0.40219.1
Project("{9A19103F-16F7-4668-BE54-9A1E7A4F7556}") = "N9_Client", "N9_Client\N9_Client.csproj", "{3B67851A-12DE-43D5-B7A9-8F5BF344EA6D}"
EndProject
Project("{9A19103F-16F7-4668-BE54-9A1E7A4F7556}") = "N9_Server", "N9_Server\N9_Server.csproj", "{AD7ECEB9-5875-4EA4-AEC6-4CDA1E3A55C4}"
EndProject
Project("{FAE04EC0-301F-11D3-BF4B-00C04F79EFBC}") = "Launcher", "Launcher\Launcher.csproj", "{F3E5D477-B370-429D-A084-C4B89266BB80}"
EndProject
Global
	GlobalSection(SolutionConfigurationPlatforms) = preSolution
		Debug|Any CPU = Debug|Any CPU
		Release|Any CPU = Release|Any CPU
	EndGlobalSection
	GlobalSection(ProjectConfigurationPlatforms) = postSolution
		{3B67851A-12DE-43D5-B7A9-8F5BF344EA6D}.Debug|Any CPU.ActiveCfg = Debug|Any CPU
		{3B67851A-12DE-43D5-B7A9-8F5BF344EA6D}.Debug|Any CPU.Build.0 = Debug|Any CPU
		{3B67851A-12DE-43D5-B7A9-8F5BF344EA6D}.Release|Any CPU.ActiveCfg = Release|Any CPU
		{3B67851A-12DE-43D5-B7A9-8F5BF344EA6D}.Release|Any CPU.Build.0 = Release|Any CPU
		{AD7ECEB9-5875-4EA4-AEC6-4CDA1E3A55C4}.Debug|Any CPU.ActiveCfg = Debug|Any CPU
		{AD7ECEB9-5875-4EA4-AEC6-4CDA1E3A55C4}.Debug|Any CPU.Build.0 = Debug|Any CPU
		{AD7ECEB9-5875-4EA4-AEC6-4CDA1E3A55C4}.Release|Any CPU.ActiveCfg = Release|Any CPU
		{AD7ECEB9-5875-4EA4-AEC6-4CDA1E3A55C4}.Release|Any CPU.Build.0 = Release|Any CPU
		{F3E5D477-B370-429D-A084-C4B89266BB80}.Debug|Any CPU.ActiveCfg = Debug|Any CPU
		{F3E5D477-B370-429D-A084-C4B89266BB80}.Debug|Any CPU.Build.0 = Debug|Any CPU
		{F3E5D477-B370-429D-A084-C4B89266BB80}.Release|Any CPU.ActiveCfg = Release|Any CPU
		{F3E5D477-B370-429D-A084-C4B89266BB80}.Release|Any CPU.Build.0 = Release|Any CPU
	EndGlobalSection
	GlobalSection(SolutionProperties) = preSolution
		HideSolutionNode = FALSE
	EndGlobalSection
	GlobalSection(ExtensibilityGlobals) = postSolution
		SolutionGuid = {423B7D40-A6E7-4150-86D9-9C5A4B2F9CC9}
	EndGlobalSection
EndGlobal
